{
    "_meta": {
        "hash": {
            "sha256": "3e91ffbdfea00b64168a1f086fcb1b5c8ef62535ad78038aa317aeb4f8766483"
        },
        "pipfile-spec": 6,
        "requires": {},
        "sources": [
            {
                "name": "pypi",
                "url": "https://pypi.org/simple",
                "verify_ssl": true
            }
        ]
    },
    "default": {
        "dacite": {
            "hashes": [
                "sha256:053f7c3f5128ca2e9aceb66892b1a3c8936d02c686e707bee96e19deef4bc4a0",
                "sha256:6ccc3b299727c7aa17582f0021f6ae14d5de47c7227932c47fec4cdfefd26f09"
            ],
            "index": "pypi",
            "markers": "python_version >= '3.7'",
            "version": "==1.9.2"
        },
        "imapclient": {
            "hashes": [
                "sha256:5fd62ab2a099494ed2a5a21e7bda03c1e99e3d55bdedb4e9c12c8176873a8fe4",
                "sha256:b7cefa7c9bf3ec029c007dfade191480b82eb3816fc20ab23ef48e7aec841a7f"
            ],
            "index": "pypi",
            "markers": "python_full_version >= '3.8.0'",
            "version": "==4.1.0"
        },
        "pyyaml": {
            "hashes": [
                "sha256:00c4bdeba853cc34e7dd471f16b4114f4162dc03e6b7afcc2128711f0eca823c",
                "sha256:0150219816b6a1fa26fb4699fb7daa9caf09eb1999f3b70fb6e786805e80375a",
                "sha256:02893d100e99e03eda1c8fd5c441d8c60103fd175728e23e431db1b589cf5ab3",
                "sha256:02ea2dfa234451bbb8772601d7b8e426c2bfa197136796224e50e35a78777956",
                "sha256:0f29edc409a6392443abf94b9cf89ce99889a1dd5376d94316ae5145dfedd5d6",
                "sha256:10892704fc220243f5305762e276552a0395f7beb4dbf9b14ec8fd43b57f126c",
                "sha256:16249ee61e95f858e83976573de0f5b2893b3677ba71c9dd36b9cf8be9ac6d65",
                "sha256:1d37d57ad971609cf3c53ba6a7e365e40660e3be0e5175fa9f2365a379d6095a",
                "sha256:1ebe39cb5fc479422b83de611d14e2c0d3bb2a18bbcb01f229ab3cfbd8fee7a0",
                "sha256:214ed4befebe12df36bcc8bc2b64b396ca31be9304b8f59e25c11cf94a4c033b",
                "sha256:2283a07e2c21a2aa78d9c4442724ec1eb15f5e42a723b99cb3d822d48f5f7ad1",
                "sha256:22ba7cfcad58ef3ecddc7ed1db3409af68d023b7f940da23c6c2a1890976eda6",
                "sha256:27c0abcb4a5dac13684a37f76e701e054692a9b2d3064b70f5e4eb54810553d7",
                "sha256:28c8d926f98f432f88adc23edf2e6d4921ac26fb084b028c733d01868d19007e",
                "sha256:2e71d11abed7344e42a8849600193d15b6def118602c4c176f748e4583246007",
                "sha256:34d5fcd24b8445fadc33f9cf348c1047101756fd760b4dacb5c3e99755703310",
                "sha256:37503bfbfc9d2c40b344d06b2199cf0e96e97957ab1c1b546fd4f87e53e5d3e4",
                "sha256:3c5677e12444c15717b902a5798264fa7909e41153cdf9ef7ad571b704a63dd9",
                "sha256:3ff07ec89bae51176c0549bc4c63aa6202991da2d9a6129d7aef7f1407d3f295",
                "sha256:41715c910c881bc081f1e8872880d3c650acf13dfa8214bad49ed4cede7c34ea",
                "sha256:418cf3f2111bc80e0933b2cd8cd04f286338bb88bdc7bc8e6dd775ebde60b5e0",
                "sha256:44edc647873928551a01e7a563d7452ccdebee747728c1080d881d68af7b997e",
                "sha256:4a2e8cebe2ff6ab7d1050ecd59c25d4c8bd7e6f400f5f82b96557ac0abafd0ac",
                "sha256:4ad1906908f2f5ae4e5a8ddfce73c320c2a1429ec52eafd27138b7f1cbe341c9",
                "sha256:501a031947e3a9025ed4405a168e6ef5ae3126c59f90ce0cd6f2bfc477be31b7",
                "sha256:5190d403f121660ce8d1d2c1bb2ef1bd05b5f68533fc5c2ea899bd15f4399b35",
                "sha256:5498cd1645aa724a7c71c8f378eb29ebe23da2fc0d7a08071d89469bf1d2defb",
                "sha256:5cf4e27da7e3fbed4d6c3d8e797387aaad68102272f8f9752883bc32d61cb87b",
                "sha256:5e0b74767e5f8c593e8c9b5912019159ed0533c70051e9cce3e8b6aa699fcd69",
                "sha256:5ed875a24292240029e4483f9d4a4b8a1ae08843b9c54f43fcc11e404532a8a5",
                "sha256:5fcd34e47f6e0b794d17de1b4ff496c00986e1c83f7ab2fb8fcfe9616ff7477b",
                "sha256:5fdec68f91a0c6739b380c83b951e2c72ac0197ace422360e6d5a959d8d97b2c",
                "sha256:6344df0d5755a2c9a276d4473ae6b90647e216ab4757f8426893b5dd2ac3f369",
                "sha256:64386e5e707d03a7e172c0701abfb7e10f0fb753ee1d773128192742712a98fd",
                "sha256:652cb6edd41e718550aad172851962662ff2681490a8a711af6a4d288dd96824",
                "sha256:66291b10affd76d76f54fad28e22e51719ef9ba22b29e1d7d03d6777a9174198",
                "sha256:66e1674c3ef6f541c35191caae2d429b967b99e02040f5ba928632d9a7f0f065",
                "sha256:6adc77889b628398debc7b65c073bcb99c4a0237b248cacaf3fe8a557563ef6c",
                "sha256:79005a0d97d5ddabfeeea4cf676af11e647e41d81c9a7722a193022accdb6b7c",
                "sha256:7c6610def4f163542a622a73fb39f534f8c101d690126992300bf3207eab9764",
                "sha256:7f047e29dcae44602496db43be01ad42fc6f1cc0d8cd6c83d342306c32270196",
                "sha256:8098f252adfa6c80ab48096053f512f2321f0b998f98150cea9bd23d83e1467b",
                "sha256:850774a7879607d3a6f50d36d04f00ee69e7fc816450e5f7e58d7f17f1ae5c00",
                "sha256:8d1fab6bb153a416f9aeb4b8763bc0f22a5586065f86f7664fc23339fc1c1fac",
                "sha256:8da9669d359f02c0b91ccc01cac4a67f16afec0dac22c2ad09f46bee0697eba8",
                "sha256:8dc52c23056b9ddd46818a57b78404882310fb473d63f17b07d5c40421e47f8e",
                "sha256:9149cad251584d5fb4981be1ecde53a1ca46c891a79788c0df828d2f166bda28",
                "sha256:93dda82c9c22deb0a405ea4dc5f2d0cda384168e466364dec6255b293923b2f3",
                "sha256:96b533f0e99f6579b3d4d4995707cf36df9100d67e0c8303a0c55b27b5f99bc5",
                "sha256:9c57bb8c96f6d1808c030b1687b9b5fb476abaa47f0db9c0101f5e9f394e97f4",
                "sha256:9c7708761fccb9397fe64bbc0395abcae8c4bf7b0eac081e12b809bf47700d0b",
                "sha256:9f3bfb4965eb874431221a3ff3fdcddc7e74e3b07799e0e84ca4a0f867d449bf",
                "sha256:a33284e20b78bd4a18c8c2282d549d10bc8408a2a7ff57653c0cf0b9be0afce5",
                "sha256:a80cb027f6b349846a3bf6d73b5e95e782175e52f22108cfa17876aaeff93702",
                "sha256:b30236e45cf30d2b8e7b3e85881719e98507abed1011bf463a8fa23e9c3e98a8",
                "sha256:b3bc83488de33889877a0f2543ade9f70c67d66d9ebb4ac959502e12de895788",
                "sha256:b865addae83924361678b652338317d1bd7e79b1f4596f96b96c77a5a34b34da",
                "sha256:b8bb0864c5a28024fac8a632c443c87c5aa6f215c0b126c449ae1a150412f31d",
                "sha256:ba1cc08a7ccde2d2ec775841541641e4548226580ab850948cbfda66a1befcdc",
                "sha256:bdb2c67c6c1390b63c6ff89f210c8fd09d9a1217a465701eac7316313c915e4c",
                "sha256:c1ff362665ae507275af2853520967820d9124984e0f7466736aea23d8611fba",
                "sha256:c2514fceb77bc5e7a2f7adfaa1feb2fb311607c9cb518dbc378688ec73d8292f",
                "sha256:c3355370a2c156cffb25e876646f149d5d68f5e0a3ce86a5084dd0b64a994917",
                "sha256:c458b6d084f9b935061bc36216e8a69a7e293a2f1e68bf956dcd9e6cbcd143f5",
                "sha256:d0eae10f8159e8fdad514efdc92d74fd8d682c933a6dd088030f3834bc8e6b26",
                "sha256:d76623373421df22fb4cf8817020cbb7ef15c725b9d5e45f17e189bfc384190f",
                "sha256:ebc55a14a21cb14062aa4162f906cd962b28e2e9ea38f9b4391244cd8de4ae0b",
                "sha256:eda16858a3cab07b80edaf74336ece1f986ba330fdb8ee0d6c0d68fe82bc96be",
                "sha256:ee2922902c45ae8ccada2c5b501ab86c36525b883eff4255313a253a3160861c",
                "sha256:efd7b85f94a6f21e4932043973a7ba2613b059c4a000551892ac9f1d11f5baf3",
                "sha256:f7057c9a337546edc7973c0d3ba84ddcdf0daa14533c2065749c9075001090e6",
                "sha256:fa160448684b4e94d80416c0fa4aac48967a969efe22931448d853ada8baf926",
                "sha256:fc09d0aa354569bc501d4e787133afc08552722d3ab34836a80547331bb5d4a0"
            ],
            "index": "pypi",
            "markers": "python_version >= '3.8'",
            "version": "==6.0.3"
        },
        "sqlalchemy": {
            "hashes": [
                "sha256:0220e0d1d1ad2391a03cd6713ca5d795419033cc40baa1233f9ad454dffa25e6",
                "sha256:054a2c2b6cbe3ca7cb88aba9c5e2ecdbfc43656bea22326a41d09e5398c86ec4",
                "sha256:0593ed87886c44e94dfac4b22d20ed88b19a7dacd7440177d7156f9b011e4376",
                "sha256:092a743f28f3a660321e9b093144b6a5b16f08dbb9b2f52466b47a2a128475c2",
                "sha256:0b91e020ba33c0cb9842be6eb7de32dfebd9ad1e8f9a660a0fdb567fd0aeaed1",
                "sha256:0f94929be35def6580cf161f20c71930d9364d62f7040b6aed02b13fd3ca09e6",
                "sha256:0fad3dc37851b096ef72538b18152a5c1ae9c8b2013cd89f51eca83fc6eba36b",
                "sha256:1477f2f1f531697753a729dd8f3e4e98f7019086f001fdc4d50350c929871c8c",
                "sha256:18148691d761ef20a92cfc7dced305834e2c6ab4f4f3648f66f5d4028e234089",
                "sha256:1abf1acecd4d0fc34d4ab7e9cda9e849ce95b647e1a5f76db7d2a5a0bea4e1e5",
                "sha256:1ef7bc38d140b3cf08cc6e8823b8e76da2e188b5594997e2c16586c9778af472",
                "sha256:28b882509319789d52966d70164ccfc5bc1aaffc1c7f98a79bbccec13346ebd7",
                "sha256:2f0bb0502de28baed425278d4bd98658d8256419fd9ad6ca964138710f933aa0",
                "sha256:3353333f8c25fc5e0661f54630238a17b0d6600305e224400cd4642cce4af34f",
                "sha256:359e2411cf4713b4b323b3c2558a07663a19ab82a5d7b23c601e1be5432aac0c",
                "sha256:389e7098e9ae15094f222496de98b0fd211c06b896c73c6e46aa9ca5b6fcd590",
                "sha256:3ac9781474e4b6c3e184487643d47408666be794d5782165a817da63f981f89a",
                "sha256:4357c1a222e141662251a59d3702f9b124294941171dfa6bd570513e9f4905ee",
                "sha256:44dff425e7d88b04497b4317478a6af2a694327a087e6f1670a4266180838269",
                "sha256:4789593e8979d7c946da1985a560200b6ef6c3dc6dcc5442985d62c6f2908875",
                "sha256:481d926922d9bff632955ed6f07e2b87066b0d1069eb67cbc8c35e27f7fe5e1e",
                "sha256:5516bdaacf5521b7de69a5c76961fde2cdc4edcb39730eccff16246a44cb8715",
                "sha256:558d6d7d6eec0e54ed212320a587bb7f30553550396226d8488803c93757f17b",
                "sha256:57ae70935cd382cd41d84757e802687f7c5e7411aecf2b962b7bdb6ea74e088c",
                "sha256:583038541d9246dbb05fc4ab73038dc61820983c12fa5e32a3b0d903e1ba7bba",
                "sha256:597e1edf9cbe6ce63974813000c02c7a44da3d21f1da47f07174732ba188e8ae",
                "sha256:61333b2f806f64a08a1edf0b0e4271905f73c1f7e525c23da7a491f74c109835",
                "sha256:63c0291bf0f721543db3719c71f2d5ad6649f12abbcbc8324d42805dac112cbc",
                "sha256:6a261e2244fa88e6eded95a078550c0584da55db22d49b0b2db8c075788282fb",
                "sha256:6a7ff6a02a102e0575d237172e90adc96466e6ab6511eae7fd43775e6ab19db2",
                "sha256:73743f135b489d3551eeb3cbbb3756d6cc41bb68e033d2b7b2b620b11c6c9d12",
                "sha256:73b0f7cb41a3df79dc0427377a9e2a099eb15995a327120d651f21309faa662a",
                "sha256:758d52653c8902baac25269c5b7c6fca4a198e066f2212fd2ed1b98174fd7bbb",
                "sha256:7c60fb6793cf60b2733012352f0e1861c38b24727d0e37a1da1f3974eb79f0ed",
                "sha256:7ed18c0747eec4a0d8d9abe4c89d96ec0eda97721ab7d3a31d0c1ebcbf38cd2e",
                "sha256:7f15820c84b2377bcf02cf754232690ac2ad90d425978bf1e5ba30cc04f94d55",
                "sha256:842a5c00ca9719cc26fba6f401f70e4bac19dc8cc4dc36350803a03954d6aea2",
                "sha256:87d45175e8ba4a1ee027ad9307e6a4bf8a242469415f12afc9477def739474b0",
                "sha256:88cb0a27ee9571fe339d7809a40b14ff2387ea05d02629a390a03c87cc981277",
                "sha256:8a3126c1203cdfc0f00884f9e8dbe95307b813f883ee9d9691983a563ebc96f8",
                "sha256:8b0660ded5f9c090f9bf49fba78d52843ff3ca8c10f71624811f42f11655762d",
                "sha256:8d846615b89702ef5d0809e701ff5f3816b88dd02670c777adc456f6d81ef3ef",
                "sha256:9324681cf8d8e9c7f6e507fea6a8ac2215fee253340d4399645216a08b936660",
                "sha256:9dcedb4b1ad160a1297772162f9a15fc317627b76ac7c98d12c41ce38522d8ef",
                "sha256:a0421f9eedad616b04a097ae3f155c5a0a31380364369861fd6e0f46074c3fce",
                "sha256:a74c46cd93e34b912adafab98aa71c862518451a019d97f9c2f37392fc8eea3f",
                "sha256:abd893deac6b0765f51d87129c5631cc5bc8f784f8bf22a9d3903695c764bccc",
                "sha256:af189bd861bd31a84f0ba244d6db0c8aeae9e56448c9001bf02ee6a93758b39e",
                "sha256:b04365ffe57cdeaf4d0f75630332d857dde3f91336bc4bdec76c810473c9c35e",
                "sha256:b2a036e3c8b183f9c31df7611e03a4bd160e055915772bb8c13ec382da8f3571",
                "sha256:b357598df0676accd1ccfb6bbc5db53dbfb499052d2d1677adf4ce14a7180664",
                "sha256:b76d8fddf080c53f2afdea6e7149721e7b980086a2f17a9b0bdb42571a92c285",
                "sha256:c19633f7614e1af93192f89debfa5bfbfaed93c80dd8903417d1605d019958dc",
                "sha256:cf88881d593f527860fa7c63a50095496a5fa15632b1fee58e3114353f7fbc22",
                "sha256:d111318e32b4452d85b491d2ba3f39f6be2736ff858da616f0e6627bb3810145",
                "sha256:dabf6a73f2cc1fa2155b29f2a8a85afd82d8613262e6054cc3c932f5dee5d474",
                "sha256:dee7886f4725c304641929a38d1ebe163f9fb45a5c9363f34bbb85bfdcb084c5",
                "sha256:e08c92feb447b60e352c3581cc8a03119e36917b79362af62fd1a289c4d8e27b",
                "sha256:e1986faa95fd7b206e5bdd1af7f4ba9ac10f1166225fb2eca0fbca04e3851f7d",
                "sha256:e20233c7d000c006a03f3734d8e7a6e63aa878fcd3482c1f412c864a0992e5a0",
                "sha256:e37b1fe2e080bf47f3b693dfbec9aa39d3c3d52bfac3b4fef290a449570bcf3f",
                "sha256:e5274d07ae1dc5dc0e452ec24bdc97cf76ba189cab3f0c1c0386a1523240f775",
                "sha256:ea049f3e2702967414bc79f58a484dab191359267726607e6c1579a09ef93788",
                "sha256:eb2095d39baecbf8b78ea202d3d21178cc8d73e52c3b450c82feb200d5b0d1a9",
                "sha256:ee446c07db92e94af30e1390ef7d65c1172756403f743fb7d8b4fc5f377cd427",
                "sha256:eef01acb10295adfac8a960f716687052fe16f14a3f5955b56c24eefa9df7851",
                "sha256:f083b4b6a6d0061b0f9ffec0ea9ded82700a6bd11ced32ccb42f855f7806f812",
                "sha256:f2c1c27a41d1a26db380b3bad45f822d979c9608108c32ee613a418ec454ecbf",
                "sha256:f90e517b2eb9c4c40fcc978c8c242789fa6cb0064c501fd8c1515145ed5fe23d",
                "sha256:fb1f36ca818146b0e844dbde6dced65805d4ee06ce6282aa46a807f9a6619ede",
                "sha256:fcf3cbb33bb23bad75d2150157c21804618745731e9931ab27e61879a9f6123b",
                "sha256:fdef70d59afce463bedef54580ba6a832f9f2313c1d0054e15cbb4ff46f37a97"
            ],
            "index": "pypi",
            "markers": "python_version >= '3.11'",
            "version": "==2.1.1"
        },
        "typing-extensions": {
            "hashes": [
                "sha256:481caa481374e813c1b176ada14e97f1f67a4539ce9cfeb3f350d78d6370c2e8",
                "sha256:dc983d19a509c94dba722ee6abd33940f7c05a89e243c47e907eb4db6f1a43e5"
            ],
            "markers": "python_version >= '3.9'",
            "version": "==4.16.0"
        },
        "yamlargparse": {
            "hashes": [
                "sha256:2c09fc8e20c147d074f765512b880757a6fea669d57a3dc672a5e1be6c68c667"
            ],
            "index": "pypi",
            "markers": "python_version >= '3.5'",
            "version": "==1.31.1"
        }
    },
    "develop": {
        "build": {
            "hashes": [
                "sha256:51cc11666391ab6f092070437ac747002ff46f3e4113a3622177ee6b488bfc53",
                "sha256:ecd351a4be9d35a9eaaba244a7687143c9c7d4aea6ac964e7e7ddab20cbcf4e7"
            ],
            "index": "pypi",
            "markers": "python_version >= '3.10'",
            "version": "==1.6.1"
        },
        "packaging": {
            "hashes": [
                "sha256:94edc256424af38762eb31306eed28beb9f0efc50a8837492c9d6fd6004aed79",
                "sha256:d7193f7c8e4e93f444fde0262bf90af30e16fa0ad0ad44cb553c87339b23cd1c"
            ],
            "markers": "python_version >= '3.9'",
            "version": "==26.3"
        },
        "pyproject-hooks": {
            "hashes": [
                "sha256:5fc53fdac9f7bd63fbcdc868fb5f90b4784d78a53a3d3388cd738b807441a20b",
                "sha256:defda19b854fa0d3bd4f76ea4ddcba8abd7dcfcdd585a6690ade050744fc5f43"
            ],
            "markers": "python_version >= '3.8'",
            "version": "==1.3.3"
        }
    }
}
